
Microsoft Visual Studio Solution File, Format Version 12.00
# Visual Studio Version 17
VisualStudioVersion = 17.5.002.0
MinimumVisualStudioVersion = 10.0.40219.1
Project("{9A19103F-16F7-4668-BE54-9A1E7A4F7556}") = "DaprCounter", "DaprCounter.csproj", "{9AF75FA2-BD8A-4577-A3FD-4EDFB96FA1AB}"
EndProject
Global
	GlobalSection(SolutionConfigurationPlatforms) = preSolution
		Debug|Any CPU = Debug|Any CPU
		Release|Any CPU = Release|Any CPU
	EndGlobalSection
	GlobalSection(ProjectConfigurationPlatforms) = postSolution
		{9AF75FA2-BD8A-4577-A3FD-4EDFB96FA1AB}.Debug|Any CPU.ActiveCfg = Debug|Any CPU
		{9AF75FA2-BD8A-4577-A3FD-4EDFB96FA1AB}.Debug|Any CPU.Build.0 = Debug|Any CPU
		{9AF75FA2-BD8A-4577-A3FD-4EDFB96FA1AB}.Release|Any CPU.ActiveCfg = Release|Any CPU
		{9AF75FA2-BD8A-4577-A3FD-4EDFB96FA1AB}.Release|Any CPU.Build.0 = Release|Any CPU
	EndGlobalSection
	GlobalSection(SolutionProperties) = preSolution
		HideSolutionNode = FALSE
	EndGlobalSection
	GlobalSection(ExtensibilityGlobals) = postSolution
		SolutionGuid = {81B1E56C-67F9-4249-AB50-3D0BCA7E01BE}
	EndGlobalSection
EndGlobal
